
Microsoft Visual Studio Solution File, Format Version 12.00
# Visual Studio 15
VisualStudioVersion = 15.0.26730.15
MinimumVisualStudioVersion = 10.0.40219.1
Project("{FAE04EC0-301F-11D3-BF4B-00C04F79EFBC}") = "IP_calculator", "IP_calculator\IP_calculator.csproj", "{F5F3ED07-45D0-4F2E-B0E0-DAF32D7FE8D8}"
EndProject
Global
	GlobalSection(SolutionConfigurationPlatforms) = preSolution
		Debug|Any CPU = Debug|Any CPU
		Release|Any CPU = Release|Any CPU
	EndGlobalSection
	GlobalSection(ProjectConfigurationPlatforms) = postSolution
		{F5F3ED07-45D0-4F2E-B0E0-DAF32D7FE8D8}.Debug|Any CPU.ActiveCfg = Debug|Any CPU
		{F5F3ED07-45D0-4F2E-B0E0-DAF32D7FE8D8}.Debug|Any CPU.Build.0 = Debug|Any CPU
		{F5F3ED07-45D0-4F2E-B0E0-DAF32D7FE8D8}.Release|Any CPU.ActiveCfg = Release|Any CPU
		{F5F3ED07-45D0-4F2E-B0E0-DAF32D7FE8D8}.Release|Any CPU.Build.0 = Release|Any CPU
	EndGlobalSection
	GlobalSection(SolutionProperties) = preSolution
		HideSolutionNode = FALSE
	EndGlobalSection
	GlobalSection(ExtensibilityGlobals) = postSolution
		SolutionGuid = {EF45B5B7-F952-4B41-AC0A-A267275C8E77}
	EndGlobalSection
EndGlobal
